// !$*UTF8*$!
{
	archiveVersion = 1;
	classes = {
	};
	objectVersion = 46;
	objects = {

/* Begin PBXBuildFile section */
		002CB3977E656B7402328FED /* libPods.a in Frameworks */ = {isa = PBXBuildFile; fileRef = 8359738EFE3CE8790ABE5DCD /* libPods.a */; };
		D4810D991AF28F79000D0A1E /* TBThumbnailGenerator.m in Sources */ = {isa = PBXBuildFile; fileRef = D4810D981AF28F79000D0A1E /* TBThumbnailGenerator.m */; };
		D4810D9B1AF29044000D0A1E /* CoreImage.framework in Frameworks */ = {isa = PBXBuildFile; fileRef = D4810D9A1AF29044000D0A1E /* CoreImage.framework */; };
		D4810D9D1AF2904E000D0A1E /* UIKit.framework in Frameworks */ = {isa = PBXBuildFile; fileRef = D4810D9C1AF2904E000D0A1E /* UIKit.framework */; };
		D4810D9F1AF29054000D0A1E /* Foundation.framework in Frameworks */ = {isa = PBXBuildFile; fileRef = D4810D9E1AF29054000D0A1E /* Foundation.framework */; };
		D4810DA21AF2B987000D0A1E /* TBExampleVideoRender.m in Sources */ = {isa = PBXBuildFile; fileRef = D4810DA11AF2B987000D0A1E /* TBExampleVideoRender.m */; settings = {COMPILER_FLAGS = "-fno-objc-arc"; }; };
		D4810DA51AF2BBC4000D0A1E /* TBExampleVideoCapture.m in Sources */ = {isa = PBXBuildFile; fileRef = D4810DA41AF2BBC4000D0A1E /* TBExampleVideoCapture.m */; settings = {COMPILER_FLAGS = "-fno-objc-arc"; }; };
		D4CBEB971AF1D6380057E66A /* main.m in Sources */ = {isa = PBXBuildFile; fileRef = D4CBEB961AF1D6380057E66A /* main.m */; };
		D4CBEB9A1AF1D6380057E66A /* AppDelegate.m in Sources */ = {isa = PBXBuildFile; fileRef = D4CBEB991AF1D6380057E66A /* AppDelegate.m */; };
		D4CBEB9D1AF1D6380057E66A /* ViewController.m in Sources */ = {isa = PBXBuildFile; fileRef = D4CBEB9C1AF1D6380057E66A /* ViewController.m */; };
		D4CBEBA01AF1D6380057E66A /* Main.storyboard in Resources */ = {isa = PBXBuildFile; fileRef = D4CBEB9E1AF1D6380057E66A /* Main.storyboard */; };
		D4CBEBA21AF1D6380057E66A /* Images.xcassets in Resources */ = {isa = PBXBuildFile; fileRef = D4CBEBA11AF1D6380057E66A /* Images.xcassets */; };
		D4CBEBA51AF1D6380057E66A /* LaunchScreen.xib in Resources */ = {isa = PBXBuildFile; fileRef = D4CBEBA31AF1D6380057E66A /* LaunchScreen.xib */; };
		D4CBEBB11AF1D6380057E66A /* ThumbNailerTests.m in Sources */ = {isa = PBXBuildFile; fileRef = D4CBEBB01AF1D6380057E66A /* ThumbNailerTests.m */; };
/* End PBXBuildFile section */

/* Begin PBXContainerItemProxy section */
		D4CBEBAB1AF1D6380057E66A /* PBXContainerItemProxy */ = {
			isa = PBXContainerItemProxy;
			containerPortal = D4CBEB891AF1D6380057E66A /* Project object */;
			proxyType = 1;
			remoteGlobalIDString = D4CBEB901AF1D6380057E66A;
			remoteInfo = ThumbNailer;
		};
/* End PBXContainerItemProxy section */

/* Begin PBXFileReference section */
		64609595597602D7F1664677 /* Pods.debug.xcconfig */ = {isa = PBXFileReference; includeInIndex = 1; lastKnownFileType = text.xcconfig; name = Pods.debug.xcconfig; path = "Pods/Target Support Files/Pods/Pods.debug.xcconfig"; sourceTree = "<group>"; };
		8359738EFE3CE8790ABE5DCD /* libPods.a */ = {isa = PBXFileReference; explicitFileType = archive.ar; includeInIndex = 0; path = libPods.a; sourceTree = BUILT_PRODUCTS_DIR; };
		B2E1413EAE723598B2A76AD9 /* Pods.release.xcconfig */ = {isa = PBXFileReference; includeInIndex = 1; lastKnownFileType = text.xcconfig; name = Pods.release.xcconfig; path = "Pods/Target Support Files/Pods/Pods.release.xcconfig"; sourceTree = "<group>"; };
		D4810D971AF28F79000D0A1E /* TBThumbnailGenerator.h */ = {isa = PBXFileReference; fileEncoding = 4; lastKnownFileType = sourcecode.c.h; path = TBThumbnailGenerator.h; sourceTree = "<group>"; };
		D4810D981AF28F79000D0A1E /* TBThumbnailGenerator.m */ = {isa = PBXFileReference; fileEncoding = 4; lastKnownFileType = sourcecode.c.objc; path = TBThumbnailGenerator.m; sourceTree = "<group>"; };
		D4810D9A1AF29044000D0A1E /* CoreImage.framework */ = {isa = PBXFileReference; lastKnownFileType = wrapper.framework; name = CoreImage.framework; path = System/Library/Frameworks/CoreImage.framework; sourceTree = SDKROOT; };
		D4810D9C1AF2904E000D0A1E /* UIKit.framework */ = {isa = PBXFileReference; lastKnownFileType = wrapper.framework; name = UIKit.framework; path = System/Library/Frameworks/UIKit.framework; sourceTree = SDKROOT; };
		D4810D9E1AF29054000D0A1E /* Foundation.framework */ = {isa = PBXFileReference; lastKnownFileType = wrapper.framework; name = Foundation.framework; path = System/Library/Frameworks/Foundation.framework; sourceTree = SDKROOT; };
		D4810DA01AF2B987000D0A1E /* TBExampleVideoRender.h */ = {isa = PBXFileReference; fileEncoding = 4; lastKnownFileType = sourcecode.c.h; path = TBExampleVideoRender.h; sourceTree = "<group>"; };
		D4810DA11AF2B987000D0A1E /* TBExampleVideoRender.m */ = {isa = PBXFileReference; fileEncoding = 4; lastKnownFileType = sourcecode.c.objc; path = TBExampleVideoRender.m; sourceTree = "<group>"; };
		D4810DA31AF2BBC4000D0A1E /* TBExampleVideoCapture.h */ = {isa = PBXFileReference; fileEncoding = 4; lastKnownFileType = sourcecode.c.h; path = TBExampleVideoCapture.h; sourceTree = "<group>"; };
		D4810DA41AF2BBC4000D0A1E /* TBExampleVideoCapture.m */ = {isa = PBXFileReference; fileEncoding = 4; lastKnownFileType = sourcecode.c.objc; path = TBExampleVideoCapture.m; sourceTree = "<group>"; };
		D4CBEB911AF1D6380057E66A /* ThumbNailer.app */ = {isa = PBXFileReference; explicitFileType = wrapper.application; includeInIndex = 0; path = ThumbNailer.app; sourceTree = BUILT_PRODUCTS_DIR; };
		D4CBEB951AF1D6380057E66A /* Info.plist */ = {isa = PBXFileReference; lastKnownFileType = text.plist.xml; path = Info.plist; sourceTree = "<group>"; };
		D4CBEB961AF1D6380057E66A /* main.m */ = {isa = PBXFileReference; lastKnownFileType = sourcecode.c.objc; path = main.m; sourceTree = "<group>"; };
		D4CBEB981AF1D6380057E66A /* AppDelegate.h */ = {isa = PBXFileReference; lastKnownFileType = sourcecode.c.h; path = AppDelegate.h; sourceTree = "<group>"; };
		D4CBEB991AF1D6380057E66A /* AppDelegate.m */ = {isa = PBXFileReference; lastKnownFileType = sourcecode.c.objc; path = AppDelegate.m; sourceTree = "<group>"; };
		D4CBEB9B1AF1D6380057E66A /* ViewController.h */ = {isa = PBXFileReference; lastKnownFileType = sourcecode.c.h; path = ViewController.h; sourceTree = "<group>"; };
		D4CBEB9C1AF1D6380057E66A /* ViewController.m */ = {isa = PBXFileReference; lastKnownFileType = sourcecode.c.objc; path = ViewController.m; sourceTree = "<group>"; };
		D4CBEB9F1AF1D6380057E66A /* Base */ = {isa = PBXFileReference; lastKnownFileType = file.storyboard; name = Base; path = Base.lproj/Main.storyboard; sourceTree = "<group>"; };
		D4CBEBA11AF1D6380057E66A /* Images.xcassets */ = {isa = PBXFileReference; lastKnownFileType = folder.assetcatalog; path = Images.xcassets; sourceTree = "<group>"; };
		D4CBEBA41AF1D6380057E66A /* Base */ = {isa = PBXFileReference; lastKnownFileType = file.xib; name = Base; path = Base.lproj/LaunchScreen.xib; sourceTree = "<group>"; };
		D4CBEBAA1AF1D6380057E66A /* ThumbNailerTests.xctest */ = {isa = PBXFileReference; explicitFileType = wrapper.cfbundle; includeInIndex = 0; path = ThumbNailerTests.xctest; sourceTree = BUILT_PRODUCTS_DIR; };
		D4CBEBAF1AF1D6380057E66A /* Info.plist */ = {isa = PBXFileReference; lastKnownFileType = text.plist.xml; path = Info.plist; sourceTree = "<group>"; };
		D4CBEBB01AF1D6380057E66A /* ThumbNailerTests.m */ = {isa = PBXFileReference; lastKnownFileType = sourcecode.c.objc; path = ThumbNailerTests.m; sourceTree = "<group>"; };
/* End PBXFileReference section */

/* Begin PBXFrameworksBuildPhase section */
		D4CBEB8E1AF1D6380057E66A /* Frameworks */ = {
			isa = PBXFrameworksBuildPhase;
			buildActionMask = 2147483647;
			files = (
				D4810D9F1AF29054000D0A1E /* Foundation.framework in Frameworks */,
				D4810D9D1AF2904E000D0A1E /* UIKit.framework in Frameworks */,
				D4810D9B1AF29044000D0A1E /* CoreImage.framework in Frameworks */,
				002CB3977E656B7402328FED /* libPods.a in Frameworks */,
			);
			runOnlyForDeploymentPostprocessing = 0;
		};
		D4CBEBA71AF1D6380057E66A /* Frameworks */ = {
			isa = PBXFrameworksBuildPhase;
			buildActionMask = 2147483647;
			files = (
			);
			runOnlyForDeploymentPostprocessing = 0;
		};
/* End PBXFrameworksBuildPhase section */

/* Begin PBXGroup section */
		AC2781B51B2FE62DF54E5247 /* Frameworks */ = {
			isa = PBXGroup;
			children = (
				D4810D9E1AF29054000D0A1E /* Foundation.framework */,
				D4810D9C1AF2904E000D0A1E /* UIKit.framework */,
				D4810D9A1AF29044000D0A1E /* CoreImage.framework */,
				8359738EFE3CE8790ABE5DCD /* libPods.a */,
			);
			name = Frameworks;
			sourceTree = "<group>";
		};
		D4CBEB881AF1D6380057E66A = {
			isa = PBXGroup;
			children = (
				D4CBEB931AF1D6380057E66A /* ThumbNailer */,
				D4CBEBAD1AF1D6380057E66A /* ThumbNailerTests */,
				D4CBEB921AF1D6380057E66A /* Products */,
				DD27C94A2DE9ECDE9FC9FEC5 /* Pods */,
				AC2781B51B2FE62DF54E5247 /* Frameworks */,
			);
			sourceTree = "<group>";
		};
		D4CBEB921AF1D6380057E66A /* Products */ = {
			isa = PBXGroup;
			children = (
				D4CBEB911AF1D6380057E66A /* ThumbNailer.app */,
				D4CBEBAA1AF1D6380057E66A /* ThumbNailerTests.xctest */,
			);
			name = Products;
			sourceTree = "<group>";
		};
		D4CBEB931AF1D6380057E66A /* ThumbNailer */ = {
			isa = PBXGroup;
			children = (
				D4810DA01AF2B987000D0A1E /* TBExampleVideoRender.h */,
				D4810DA11AF2B987000D0A1E /* TBExampleVideoRender.m */,
				D4810DA31AF2BBC4000D0A1E /* TBExampleVideoCapture.h */,
				D4810DA41AF2BBC4000D0A1E /* TBExampleVideoCapture.m */,
				D4CBEB981AF1D6380057E66A /* AppDelegate.h */,
				D4CBEB991AF1D6380057E66A /* AppDelegate.m */,
				D4CBEB9B1AF1D6380057E66A /* ViewController.h */,
				D4CBEB9C1AF1D6380057E66A /* ViewController.m */,
				D4CBEB9E1AF1D6380057E66A /* Main.storyboard */,
				D4CBEBA11AF1D6380057E66A /* Images.xcassets */,
				D4CBEBA31AF1D6380057E66A /* LaunchScreen.xib */,
				D4CBEB941AF1D6380057E66A /* Supporting Files */,
				D4810D971AF28F79000D0A1E /* TBThumbnailGenerator.h */,
				D4810D981AF28F79000D0A1E /* TBThumbnailGenerator.m */,
			);
			path = ThumbNailer;
			sourceTree = "<group>";
		};
		D4CBEB941AF1D6380057E66A /* Supporting Files */ = {
			isa = PBXGroup;
			children = (
				D4CBEB951AF1D6380057E66A /* Info.plist */,
				D4CBEB961AF1D6380057E66A /* main.m */,
			);
			name = "Supporting Files";
			sourceTree = "<group>";
		};
		D4CBEBAD1AF1D6380057E66A /* ThumbNailerTests */ = {
			isa = PBXGroup;
			children = (
				D4CBEBB01AF1D6380057E66A /* ThumbNailerTests.m */,
				D4CBEBAE1AF1D6380057E66A /* Supporting Files */,
			);
			path = ThumbNailerTests;
			sourceTree = "<group>";
		};
		D4CBEBAE1AF1D6380057E66A /* Supporting Files */ = {
			isa = PBXGroup;
			children = (
				D4CBEBAF1AF1D6380057E66A /* Info.plist */,
			);
			name = "Supporting Files";
			sourceTree = "<group>";
		};
		DD27C94A2DE9ECDE9FC9FEC5 /* Pods */ = {
			isa = PBXGroup;
			children = (
				64609595597602D7F1664677 /* Pods.debug.xcconfig */,
				B2E1413EAE723598B2A76AD9 /* Pods.release.xcconfig */,
			);
			name = Pods;
			sourceTree = "<group>";
		};
/* End PBXGroup section */

/* Begin PBXNativeTarget section */
		D4CBEB901AF1D6380057E66A /* ThumbNailer */ = {
			isa = PBXNativeTarget;
			buildConfigurationList = D4CBEBB41AF1D6380057E66A /* Build configuration list for PBXNativeTarget "ThumbNailer" */;
			buildPhases = (
				C9287DEFD8F6C8C63917EA84 /* Check Pods Manifest.lock */,
				D4CBEB8D1AF1D6380057E66A /* Sources */,
				D4CBEB8E1AF1D6380057E66A /* Frameworks */,
				D4CBEB8F1AF1D6380057E66A /* Resources */,
				8A556009FCBBE8D190BADCD5 /* Copy Pods Resources */,
			);
			buildRules = (
			);
			dependencies = (
			);
			name = ThumbNailer;
			productName = ThumbNailer;
			productReference = D4CBEB911AF1D6380057E66A /* ThumbNailer.app */;
			productType = "com.apple.product-type.application";
		};
		D4CBEBA91AF1D6380057E66A /* ThumbNailerTests */ = {
			isa = PBXNativeTarget;
			buildConfigurationList = D4CBEBB71AF1D6380057E66A /* Build configuration list for PBXNativeTarget "ThumbNailerTests" */;
			buildPhases = (
				D4CBEBA61AF1D6380057E66A /* Sources */,
				D4CBEBA71AF1D6380057E66A /* Frameworks */,
				D4CBEBA81AF1D6380057E66A /* Resources */,
			);
			buildRules = (
			);
			dependencies = (
				D4CBEBAC1AF1D6380057E66A /* PBXTargetDependency */,
			);
			name = ThumbNailerTests;
			productName = ThumbNailerTests;
			productReference = D4CBEBAA1AF1D6380057E66A /* ThumbNailerTests.xctest */;
			productType = "com.apple.product-type.bundle.unit-test";
		};
/* End PBXNativeTarget section */

/* Begin PBXProject section */
		D4CBEB891AF1D6380057E66A /* Project object */ = {
			isa = PBXProject;
			attributes = {
				LastUpgradeCheck = 0630;
				ORGANIZATIONNAME = "TokBox, Inc.";
				TargetAttributes = {
					D4CBEB901AF1D6380057E66A = {
						CreatedOnToolsVersion = 6.3.1;
					};
					D4CBEBA91AF1D6380057E66A = {
						CreatedOnToolsVersion = 6.3.1;
						TestTargetID = D4CBEB901AF1D6380057E66A;
					};
				};
			};
			buildConfigurationList = D4CBEB8C1AF1D6380057E66A /* Build configuration list for PBXProject "ThumbNailer" */;
			compatibilityVersion = "Xcode 3.2";
			developmentRegion = English;
			hasScannedForEncodings = 0;
			knownRegions = (
				en,
				Base,
			);
			mainGroup = D4CBEB881AF1D6380057E66A;
			productRefGroup = D4CBEB921AF1D6380057E66A /* Products */;
			projectDirPath = "";
			projectRoot = "";
			targets = (
				D4CBEB901AF1D6380057E66A /* ThumbNailer */,
				D4CBEBA91AF1D6380057E66A /* ThumbNailerTests */,
			);
		};
/* End PBXProject section */

/* Begin PBXResourcesBuildPhase section */
		D4CBEB8F1AF1D6380057E66A /* Resources */ = {
			isa = PBXResourcesBuildPhase;
			buildActionMask = 2147483647;
			files = (
				D4CBEBA01AF1D6380057E66A /* Main.storyboard in Resources */,
				D4CBEBA51AF1D6380057E66A /* LaunchScreen.xib in Resources */,
				D4CBEBA21AF1D6380057E66A /* Images.xcassets in Resources */,
			);
			runOnlyForDeploymentPostprocessing = 0;
		};
		D4CBEBA81AF1D6380057E66A /* Resources */ = {
			isa = PBXResourcesBuildPhase;
			buildActionMask = 2147483647;
			files = (
			);
			runOnlyForDeploymentPostprocessing = 0;
		};
/* End PBXResourcesBuildPhase section */

/* Begin PBXShellScriptBuildPhase section */
		8A556009FCBBE8D190BADCD5 /* Copy Pods Resources */ = {
			isa = PBXShellScriptBuildPhase;
			buildActionMask = 2147483647;
			files = (
			);
			inputPaths = (
			);
			name = "Copy Pods Resources";
			outputPaths = (
			);
			runOnlyForDeploymentPostprocessing = 0;
			shellPath = /bin/sh;
			shellScript = "\"${SRCROOT}/Pods/Target Support Files/Pods/Pods-resources.sh\"\n";
			showEnvVarsInLog = 0;
		};
		C9287DEFD8F6C8C63917EA84 /* Check Pods Manifest.lock */ = {
			isa = PBXShellScriptBuildPhase;
			buildActionMask = 2147483647;
			files = (
			);
			inputPaths = (
			);
			name = "Check Pods Manifest.lock";
			outputPaths = (
			);
			runOnlyForDeploymentPostprocessing = 0;
			shellPath = /bin/sh;
			shellScript = "diff \"${PODS_ROOT}/../Podfile.lock\" \"${PODS_ROOT}/Manifest.lock\" > /dev/null\nif [[ $? != 0 ]] ; then\n    cat << EOM\nerror: The sandbox is not in sync with the Podfile.lock. Run 'pod install' or update your CocoaPods installation.\nEOM\n    exit 1\nfi\n";
			showEnvVarsInLog = 0;
		};
/* End PBXShellScriptBuildPhase section */

/* Begin PBXSourcesBuildPhase section */
		D4CBEB8D1AF1D6380057E66A /* Sources */ = {
			isa = PBXSourcesBuildPhase;
			buildActionMask = 2147483647;
			files = (
				D4CBEB9D1AF1D6380057E66A /* ViewController.m in Sources */,
				D4810DA51AF2BBC4000D0A1E /* TBExampleVideoCapture.m in Sources */,
				D4CBEB9A1AF1D6380057E66A /* AppDelegate.m in Sources */,
				D4810D991AF28F79000D0A1E /* TBThumbnailGenerator.m in Sources */,
				D4CBEB971AF1D6380057E66A /* main.m in Sources */,
				D4810DA21AF2B987000D0A1E /* TBExampleVideoRender.m in Sources */,
			);
			runOnlyForDeploymentPostprocessing = 0;
		};
		D4CBEBA61AF1D6380057E66A /* Sources */ = {
			isa = PBXSourcesBuildPhase;
			buildActionMask = 2147483647;
			files = (
				D4CBEBB11AF1D6380057E66A /* ThumbNailerTests.m in Sources */,
			);
			runOnlyForDeploymentPostprocessing = 0;
		};
/* End PBXSourcesBuildPhase section */

/* Begin PBXTargetDependency section */
		D4CBEBAC1AF1D6380057E66A /* PBXTargetDependency */ = {
			isa = PBXTargetDependency;
			target = D4CBEB901AF1D6380057E66A /* ThumbNailer */;
			targetProxy = D4CBEBAB1AF1D6380057E66A /* PBXContainerItemProxy */;
		};
/* End PBXTargetDependency section */

/* Begin PBXVariantGroup section */
		D4CBEB9E1AF1D6380057E66A /* Main.storyboard */ = {
			isa = PBXVariantGroup;
			children = (
				D4CBEB9F1AF1D6380057E66A /* Base */,
			);
			name = Main.storyboard;
			sourceTree = "<group>";
		};
		D4CBEBA31AF1D6380057E66A /* LaunchScreen.xib */ = {
			isa = PBXVariantGroup;
			children = (
				D4CBEBA41AF1D6380057E66A /* Base */,
			);
			name = LaunchScreen.xib;
			sourceTree = "<group>";
		};
/* End PBXVariantGroup section */

/* Begin XCBuildConfiguration section */
		D4CBEBB21AF1D6380057E66A /* Debug */ = {
			isa = XCBuildConfiguration;
			buildSettings = {
				ALWAYS_SEARCH_USER_PATHS = NO;
				CLANG_CXX_LANGUAGE_STANDARD = "gnu++0x";
				CLANG_CXX_LIBRARY = "libc++";
				CLANG_ENABLE_MODULES = YES;
				CLANG_ENABLE_OBJC_ARC = YES;
				CLANG_WARN_BOOL_CONVERSION = YES;
				CLANG_WARN_CONSTANT_CONVERSION = YES;
				CLANG_WARN_DIRECT_OBJC_ISA_USAGE = YES_ERROR;
				CLANG_WARN_EMPTY_BODY = YES;
				CLANG_WARN_ENUM_CONVERSION = YES;
				CLANG_WARN_INT_CONVERSION = YES;
				CLANG_WARN_OBJC_ROOT_CLASS = YES_ERROR;
				CLANG_WARN_UNREACHABLE_CODE = YES;
				CLANG_WARN__DUPLICATE_METHOD_MATCH = YES;
				"CODE_SIGN_IDENTITY[sdk=iphoneos*]" = "iPhone Developer";
				COPY_PHASE_STRIP = NO;
				DEBUG_INFORMATION_FORMAT = "dwarf-with-dsym";
				ENABLE_STRICT_OBJC_MSGSEND = YES;
				GCC_C_LANGUAGE_STANDARD = gnu99;
				GCC_DYNAMIC_NO_PIC = NO;
				GCC_NO_COMMON_BLOCKS = YES;
				GCC_OPTIMIZATION_LEVEL = 0;
				GCC_PREPROCESSOR_DEFINITIONS = (
					"DEBUG=1",
					"$(inherited)",
				);
				GCC_SYMBOLS_PRIVATE_EXTERN = NO;
				GCC_WARN_64_TO_32_BIT_CONVERSION = YES;
				GCC_WARN_ABOUT_RETURN_TYPE = YES_ERROR;
				GCC_WARN_UNDECLARED_SELECTOR = YES;
				GCC_WARN_UNINITIALIZED_AUTOS = YES_AGGRESSIVE;
				GCC_WARN_UNUSED_FUNCTION = YES;
				GCC_WARN_UNUSED_VARIABLE = YES;
				IPHONEOS_DEPLOYMENT_TARGET = 8.3;
				MTL_ENABLE_DEBUG_INFO = YES;
				ONLY_ACTIVE_ARCH = YES;
				SDKROOT = iphoneos;
				TARGETED_DEVICE_FAMILY = "1,2";
			};
			name = Debug;
		};
		D4CBEBB31AF1D6380057E66A /* Release */ = {
			isa = XCBuildConfiguration;
			buildSettings = {
				ALWAYS_SEARCH_USER_PATHS = NO;
				CLANG_CXX_LANGUAGE_STANDARD = "gnu++0x";
				CLANG_CXX_LIBRARY = "libc++";
				CLANG_ENABLE_MODULES = YES;
				CLANG_ENABLE_OBJC_ARC = YES;
				CLANG_WARN_BOOL_CONVERSION = YES;
				CLANG_WARN_CONSTANT_CONVERSION = YES;
				CLANG_WARN_DIRECT_OBJC_ISA_USAGE = YES_ERROR;
				CLANG_WARN_EMPTY_BODY = YES;
				CLANG_WARN_ENUM_CONVERSION = YES;
				CLANG_WARN_INT_CONVERSION = YES;
				CLANG_WARN_OBJC_ROOT_CLASS = YES_ERROR;
				CLANG_WARN_UNREACHABLE_CODE = YES;
				CLANG_WARN__DUPLICATE_METHOD_MATCH = YES;
				"CODE_SIGN_IDENTITY[sdk=iphoneos*]" = "iPhone Developer";
				COPY_PHASE_STRIP = NO;
				DEBUG_INFORMATION_FORMAT = "dwarf-with-dsym";
				ENABLE_NS_ASSERTIONS = NO;
				ENABLE_STRICT_OBJC_MSGSEND = YES;
				GCC_C_LANGUAGE_STANDARD = gnu99;
				GCC_NO_COMMON_BLOCKS = YES;
				GCC_WARN_64_TO_32_BIT_CONVERSION = YES;
				GCC_WARN_ABOUT_RETURN_TYPE = YES_ERROR;
				GCC_WARN_UNDECLARED_SELECTOR = YES;
				GCC_WARN_UNINITIALIZED_AUTOS = YES_AGGRESSIVE;
				GCC_WARN_UNUSED_FUNCTION = YES;
				GCC_WARN_UNUSED_VARIABLE = YES;
				IPHONEOS_DEPLOYMENT_TARGET = 8.3;
				MTL_ENABLE_DEBUG_INFO = NO;
				SDKROOT = iphoneos;
				TARGETED_DEVICE_FAMILY = "1,2";
				VALIDATE_PRODUCT = YES;
			};
			name = Release;
		};
		D4CBEBB51AF1D6380057E66A /* Debug */ = {
			isa = XCBuildConfiguration;
			baseConfigurationReference = 64609595597602D7F1664677 /* Pods.debug.xcconfig */;
			buildSettings = {
				ASSETCATALOG_COMPILER_APPICON_NAME = AppIcon;
				INFOPLIST_FILE = ThumbNailer/Info.plist;
				LD_RUNPATH_SEARCH_PATHS = "$(inherited) @executable_path/Frameworks";
				PRODUCT_NAME = "$(TARGET_NAME)";
			};
			name = Debug;
		};
		D4CBEBB61AF1D6380057E66A /* Release */ = {
			isa = XCBuildConfiguration;
			baseConfigurationReference = B2E1413EAE723598B2A76AD9 /* Pods.release.xcconfig */;
			buildSettings = {
				ASSETCATALOG_COMPILER_APPICON_NAME = AppIcon;
				INFOPLIST_FILE = ThumbNailer/Info.plist;
				LD_RUNPATH_SEARCH_PATHS = "$(inherited) @executable_path/Frameworks";
				PRODUCT_NAME = "$(TARGET_NAME)";
			};
			name = Release;
		};
		D4CBEBB81AF1D6380057E66A /* Debug */ = {
			isa = XCBuildConfiguration;
			buildSettings = {
				BUNDLE_LOADER = "$(TEST_HOST)";
				FRAMEWORK_SEARCH_PATHS = (
					"$(SDKROOT)/Developer/Library/Frameworks",
					"$(inherited)",
				);
				GCC_PREPROCESSOR_DEFINITIONS = (
					"DEBUG=1",
					"$(inherited)",
				);
				INFOPLIST_FILE = ThumbNailerTests/Info.plist;
				LD_RUNPATH_SEARCH_PATHS = "$(inherited) @executable_path/Frameworks @loader_path/Frameworks";
				PRODUCT_NAME = "$(TARGET_NAME)";
				TEST_HOST = "$(BUILT_PRODUCTS_DIR)/ThumbNailer.app/ThumbNailer";
			};
			name = Debug;
		};
		D4CBEBB91AF1D6380057E66A /* Release */ = {
			isa = XCBuildConfiguration;
			buildSettings = {
				BUNDLE_LOADER = "$(TEST_HOST)";
				FRAMEWORK_SEARCH_PATHS = (
					"$(SDKROOT)/Developer/Library/Frameworks",
					"$(inherited)",
				);
				INFOPLIST_FILE = ThumbNailerTests/Info.plist;
				LD_RUNPATH_SEARCH_PATHS = "$(inherited) @executable_path/Frameworks @loader_path/Frameworks";
				PRODUCT_NAME = "$(TARGET_NAME)";
				TEST_HOST = "$(BUILT_PRODUCTS_DIR)/ThumbNailer.app/ThumbNailer";
			};
			name = Release;
		};
/* End XCBuildConfiguration section */

/* Begin XCConfigurationList section */
		D4CBEB8C1AF1D6380057E66A /* Build configuration list for PBXProject "ThumbNailer" */ = {
			isa = XCConfigurationList;
			buildConfigurations = (
				D4CBEBB21AF1D6380057E66A /* Debug */,
				D4CBEBB31AF1D6380057E66A /* Release */,
			);
			defaultConfigurationIsVisible = 0;
			defaultConfigurationName = Release;
		};
		D4CBEBB41AF1D6380057E66A /* Build configuration list for PBXNativeTarget "ThumbNailer" */ = {
			isa = XCConfigurationList;
			buildConfigurations = (
				D4CBEBB51AF1D6380057E66A /* Debug */,
				D4CBEBB61AF1D6380057E66A /* Release */,
			);
			defaultConfigurationIsVisible = 0;
			defaultConfigurationName = Release;
		};
		D4CBEBB71AF1D6380057E66A /* Build configuration list for PBXNativeTarget "ThumbNailerTests" */ = {
			isa = XCConfigurationList;
			buildConfigurations = (
				D4CBEBB81AF1D6380057E66A /* Debug */,
				D4CBEBB91AF1D6380057E66A /* Release */,
			);
			defaultConfigurationIsVisible = 0;
			defaultConfigurationName = Release;
		};
/* End XCConfigurationList section */
	};
	rootObject = D4CBEB891AF1D6380057E66A /* Project object */;
}
