// !$*UTF8*$!
{
	archiveVersion = 1;
	classes = {
	};
	objectVersion = 46;
	objects = {

/* Begin PBXBuildFile section */
		749B61362573FAC61CA37B03 /* libPods-CompoundEyeMultiparty.a in Frameworks */ = {isa = PBXBuildFile; fileRef = EB304B998469F99CBC795E25 /* libPods-CompoundEyeMultiparty.a */; };
		D4D1D3711D3819DF00705DF9 /* main.m in Sources */ = {isa = PBXBuildFile; fileRef = D4D1D3701D3819DE00705DF9 /* main.m */; };
		D4D1D3741D3819DF00705DF9 /* AppDelegate.m in Sources */ = {isa = PBXBuildFile; fileRef = D4D1D3731D3819DF00705DF9 /* AppDelegate.m */; };
		D4D1D3771D3819DF00705DF9 /* ViewController.m in Sources */ = {isa = PBXBuildFile; fileRef = D4D1D3761D3819DF00705DF9 /* ViewController.m */; };
		D4D1D37A1D3819DF00705DF9 /* Main.storyboard in Resources */ = {isa = PBXBuildFile; fileRef = D4D1D3781D3819DF00705DF9 /* Main.storyboard */; };
		D4D1D37C1D3819DF00705DF9 /* Assets.xcassets in Resources */ = {isa = PBXBuildFile; fileRef = D4D1D37B1D3819DF00705DF9 /* Assets.xcassets */; };
		D4D1D37F1D3819DF00705DF9 /* LaunchScreen.storyboard in Resources */ = {isa = PBXBuildFile; fileRef = D4D1D37D1D3819DF00705DF9 /* LaunchScreen.storyboard */; };
/* End PBXBuildFile section */

/* Begin PBXFileReference section */
		0C5DC0E0B1EE41360AD7652E /* Pods-CompoundEyeMultiparty.release.xcconfig */ = {isa = PBXFileReference; includeInIndex = 1; lastKnownFileType = text.xcconfig; name = "Pods-CompoundEyeMultiparty.release.xcconfig"; path = "Pods/Target Support Files/Pods-CompoundEyeMultiparty/Pods-CompoundEyeMultiparty.release.xcconfig"; sourceTree = "<group>"; };
		D4D1D36C1D3819DE00705DF9 /* CompoundEyeMultiparty.app */ = {isa = PBXFileReference; explicitFileType = wrapper.application; includeInIndex = 0; path = CompoundEyeMultiparty.app; sourceTree = BUILT_PRODUCTS_DIR; };
		D4D1D3701D3819DE00705DF9 /* main.m */ = {isa = PBXFileReference; lastKnownFileType = sourcecode.c.objc; path = main.m; sourceTree = "<group>"; };
		D4D1D3721D3819DF00705DF9 /* AppDelegate.h */ = {isa = PBXFileReference; lastKnownFileType = sourcecode.c.h; path = AppDelegate.h; sourceTree = "<group>"; };
		D4D1D3731D3819DF00705DF9 /* AppDelegate.m */ = {isa = PBXFileReference; lastKnownFileType = sourcecode.c.objc; path = AppDelegate.m; sourceTree = "<group>"; };
		D4D1D3751D3819DF00705DF9 /* ViewController.h */ = {isa = PBXFileReference; lastKnownFileType = sourcecode.c.h; path = ViewController.h; sourceTree = "<group>"; };
		D4D1D3761D3819DF00705DF9 /* ViewController.m */ = {isa = PBXFileReference; lastKnownFileType = sourcecode.c.objc; path = ViewController.m; sourceTree = "<group>"; };
		D4D1D3791D3819DF00705DF9 /* Base */ = {isa = PBXFileReference; lastKnownFileType = file.storyboard; name = Base; path = Base.lproj/Main.storyboard; sourceTree = "<group>"; };
		D4D1D37B1D3819DF00705DF9 /* Assets.xcassets */ = {isa = PBXFileReference; lastKnownFileType = folder.assetcatalog; path = Assets.xcassets; sourceTree = "<group>"; };
		D4D1D37E1D3819DF00705DF9 /* Base */ = {isa = PBXFileReference; lastKnownFileType = file.storyboard; name = Base; path = Base.lproj/LaunchScreen.storyboard; sourceTree = "<group>"; };
		D4D1D3801D3819DF00705DF9 /* Info.plist */ = {isa = PBXFileReference; lastKnownFileType = text.plist.xml; path = Info.plist; sourceTree = "<group>"; };
		E32BC9734B93DFC483C39D8E /* Pods-CompoundEyeMultiparty.debug.xcconfig */ = {isa = PBXFileReference; includeInIndex = 1; lastKnownFileType = text.xcconfig; name = "Pods-CompoundEyeMultiparty.debug.xcconfig"; path = "Pods/Target Support Files/Pods-CompoundEyeMultiparty/Pods-CompoundEyeMultiparty.debug.xcconfig"; sourceTree = "<group>"; };
		EB304B998469F99CBC795E25 /* libPods-CompoundEyeMultiparty.a */ = {isa = PBXFileReference; explicitFileType = archive.ar; includeInIndex = 0; path = "libPods-CompoundEyeMultiparty.a"; sourceTree = BUILT_PRODUCTS_DIR; };
/* End PBXFileReference section */

/* Begin PBXFrameworksBuildPhase section */
		D4D1D3691D3819DE00705DF9 /* Frameworks */ = {
			isa = PBXFrameworksBuildPhase;
			buildActionMask = 2147483647;
			files = (
				749B61362573FAC61CA37B03 /* libPods-CompoundEyeMultiparty.a in Frameworks */,
			);
			runOnlyForDeploymentPostprocessing = 0;
		};
/* End PBXFrameworksBuildPhase section */

/* Begin PBXGroup section */
		1DEB2C54A00750D171454BFE /* Pods */ = {
			isa = PBXGroup;
			children = (
				E32BC9734B93DFC483C39D8E /* Pods-CompoundEyeMultiparty.debug.xcconfig */,
				0C5DC0E0B1EE41360AD7652E /* Pods-CompoundEyeMultiparty.release.xcconfig */,
			);
			name = Pods;
			sourceTree = "<group>";
		};
		B78A7A8BB0F88CF21389295F /* Frameworks */ = {
			isa = PBXGroup;
			children = (
				EB304B998469F99CBC795E25 /* libPods-CompoundEyeMultiparty.a */,
			);
			name = Frameworks;
			sourceTree = "<group>";
		};
		D4D1D3631D3819DE00705DF9 = {
			isa = PBXGroup;
			children = (
				D4D1D36E1D3819DE00705DF9 /* CompoundEyeMultiparty */,
				D4D1D36D1D3819DE00705DF9 /* Products */,
				1DEB2C54A00750D171454BFE /* Pods */,
				B78A7A8BB0F88CF21389295F /* Frameworks */,
			);
			sourceTree = "<group>";
		};
		D4D1D36D1D3819DE00705DF9 /* Products */ = {
			isa = PBXGroup;
			children = (
				D4D1D36C1D3819DE00705DF9 /* CompoundEyeMultiparty.app */,
			);
			name = Products;
			sourceTree = "<group>";
		};
		D4D1D36E1D3819DE00705DF9 /* CompoundEyeMultiparty */ = {
			isa = PBXGroup;
			children = (
				D4D1D3721D3819DF00705DF9 /* AppDelegate.h */,
				D4D1D3731D3819DF00705DF9 /* AppDelegate.m */,
				D4D1D3751D3819DF00705DF9 /* ViewController.h */,
				D4D1D3761D3819DF00705DF9 /* ViewController.m */,
				D4D1D3781D3819DF00705DF9 /* Main.storyboard */,
				D4D1D37B1D3819DF00705DF9 /* Assets.xcassets */,
				D4D1D37D1D3819DF00705DF9 /* LaunchScreen.storyboard */,
				D4D1D3801D3819DF00705DF9 /* Info.plist */,
				D4D1D36F1D3819DE00705DF9 /* Supporting Files */,
			);
			path = CompoundEyeMultiparty;
			sourceTree = "<group>";
		};
		D4D1D36F1D3819DE00705DF9 /* Supporting Files */ = {
			isa = PBXGroup;
			children = (
				D4D1D3701D3819DE00705DF9 /* main.m */,
			);
			name = "Supporting Files";
			sourceTree = "<group>";
		};
/* End PBXGroup section */

/* Begin PBXNativeTarget section */
		D4D1D36B1D3819DE00705DF9 /* CompoundEyeMultiparty */ = {
			isa = PBXNativeTarget;
			buildConfigurationList = D4D1D3831D3819DF00705DF9 /* Build configuration list for PBXNativeTarget "CompoundEyeMultiparty" */;
			buildPhases = (
				D9F25A33186A2D89359CE876 /* 📦 Check Pods Manifest.lock */,
				D4D1D3681D3819DE00705DF9 /* Sources */,
				D4D1D3691D3819DE00705DF9 /* Frameworks */,
				D4D1D36A1D3819DE00705DF9 /* Resources */,
				CCCD7EA57DCCCBBE4E525623 /* 📦 Embed Pods Frameworks */,
				67ACCBFAF4AEBD3942F1994A /* 📦 Copy Pods Resources */,
			);
			buildRules = (
			);
			dependencies = (
			);
			name = CompoundEyeMultiparty;
			productName = CompoundEyeMultiparty;
			productReference = D4D1D36C1D3819DE00705DF9 /* CompoundEyeMultiparty.app */;
			productType = "com.apple.product-type.application";
		};
/* End PBXNativeTarget section */

/* Begin PBXProject section */
		D4D1D3641D3819DE00705DF9 /* Project object */ = {
			isa = PBXProject;
			attributes = {
				LastUpgradeCheck = 0730;
				ORGANIZATIONNAME = "TokBox, Inc.";
				TargetAttributes = {
					D4D1D36B1D3819DE00705DF9 = {
						CreatedOnToolsVersion = 7.3;
					};
				};
			};
			buildConfigurationList = D4D1D3671D3819DE00705DF9 /* Build configuration list for PBXProject "CompoundEyeMultiparty" */;
			compatibilityVersion = "Xcode 3.2";
			developmentRegion = English;
			hasScannedForEncodings = 0;
			knownRegions = (
				en,
				Base,
			);
			mainGroup = D4D1D3631D3819DE00705DF9;
			productRefGroup = D4D1D36D1D3819DE00705DF9 /* Products */;
			projectDirPath = "";
			projectRoot = "";
			targets = (
				D4D1D36B1D3819DE00705DF9 /* CompoundEyeMultiparty */,
			);
		};
/* End PBXProject section */

/* Begin PBXResourcesBuildPhase section */
		D4D1D36A1D3819DE00705DF9 /* Resources */ = {
			isa = PBXResourcesBuildPhase;
			buildActionMask = 2147483647;
			files = (
				D4D1D37F1D3819DF00705DF9 /* LaunchScreen.storyboard in Resources */,
				D4D1D37C1D3819DF00705DF9 /* Assets.xcassets in Resources */,
				D4D1D37A1D3819DF00705DF9 /* Main.storyboard in Resources */,
			);
			runOnlyForDeploymentPostprocessing = 0;
		};
/* End PBXResourcesBuildPhase section */

/* Begin PBXShellScriptBuildPhase section */
		67ACCBFAF4AEBD3942F1994A /* 📦 Copy Pods Resources */ = {
			isa = PBXShellScriptBuildPhase;
			buildActionMask = 2147483647;
			files = (
			);
			inputPaths = (
			);
			name = "📦 Copy Pods Resources";
			outputPaths = (
			);
			runOnlyForDeploymentPostprocessing = 0;
			shellPath = /bin/sh;
			shellScript = "\"${SRCROOT}/Pods/Target Support Files/Pods-CompoundEyeMultiparty/Pods-CompoundEyeMultiparty-resources.sh\"\n";
			showEnvVarsInLog = 0;
		};
		CCCD7EA57DCCCBBE4E525623 /* 📦 Embed Pods Frameworks */ = {
			isa = PBXShellScriptBuildPhase;
			buildActionMask = 2147483647;
			files = (
			);
			inputPaths = (
			);
			name = "📦 Embed Pods Frameworks";
			outputPaths = (
			);
			runOnlyForDeploymentPostprocessing = 0;
			shellPath = /bin/sh;
			shellScript = "\"${SRCROOT}/Pods/Target Support Files/Pods-CompoundEyeMultiparty/Pods-CompoundEyeMultiparty-frameworks.sh\"\n";
			showEnvVarsInLog = 0;
		};
		D9F25A33186A2D89359CE876 /* 📦 Check Pods Manifest.lock */ = {
			isa = PBXShellScriptBuildPhase;
			buildActionMask = 2147483647;
			files = (
			);
			inputPaths = (
			);
			name = "📦 Check Pods Manifest.lock";
			outputPaths = (
			);
			runOnlyForDeploymentPostprocessing = 0;
			shellPath = /bin/sh;
			shellScript = "diff \"${PODS_ROOT}/../Podfile.lock\" \"${PODS_ROOT}/Manifest.lock\" > /dev/null\nif [[ $? != 0 ]] ; then\n    cat << EOM\nerror: The sandbox is not in sync with the Podfile.lock. Run 'pod install' or update your CocoaPods installation.\nEOM\n    exit 1\nfi\n";
			showEnvVarsInLog = 0;
		};
/* End PBXShellScriptBuildPhase section */

/* Begin PBXSourcesBuildPhase section */
		D4D1D3681D3819DE00705DF9 /* Sources */ = {
			isa = PBXSourcesBuildPhase;
			buildActionMask = 2147483647;
			files = (
				D4D1D3771D3819DF00705DF9 /* ViewController.m in Sources */,
				D4D1D3741D3819DF00705DF9 /* AppDelegate.m in Sources */,
				D4D1D3711D3819DF00705DF9 /* main.m in Sources */,
			);
			runOnlyForDeploymentPostprocessing = 0;
		};
/* End PBXSourcesBuildPhase section */

/* Begin PBXVariantGroup section */
		D4D1D3781D3819DF00705DF9 /* Main.storyboard */ = {
			isa = PBXVariantGroup;
			children = (
				D4D1D3791D3819DF00705DF9 /* Base */,
			);
			name = Main.storyboard;
			sourceTree = "<group>";
		};
		D4D1D37D1D3819DF00705DF9 /* LaunchScreen.storyboard */ = {
			isa = PBXVariantGroup;
			children = (
				D4D1D37E1D3819DF00705DF9 /* Base */,
			);
			name = LaunchScreen.storyboard;
			sourceTree = "<group>";
		};
/* End PBXVariantGroup section */

/* Begin XCBuildConfiguration section */
		D4D1D3811D3819DF00705DF9 /* Debug */ = {
			isa = XCBuildConfiguration;
			buildSettings = {
				ALWAYS_SEARCH_USER_PATHS = NO;
				CLANG_ANALYZER_NONNULL = YES;
				CLANG_CXX_LANGUAGE_STANDARD = "gnu++0x";
				CLANG_CXX_LIBRARY = "libc++";
				CLANG_ENABLE_MODULES = YES;
				CLANG_ENABLE_OBJC_ARC = YES;
				CLANG_WARN_BOOL_CONVERSION = YES;
				CLANG_WARN_CONSTANT_CONVERSION = YES;
				CLANG_WARN_DIRECT_OBJC_ISA_USAGE = YES_ERROR;
				CLANG_WARN_EMPTY_BODY = YES;
				CLANG_WARN_ENUM_CONVERSION = YES;
				CLANG_WARN_INT_CONVERSION = YES;
				CLANG_WARN_OBJC_ROOT_CLASS = YES_ERROR;
				CLANG_WARN_UNREACHABLE_CODE = YES;
				CLANG_WARN__DUPLICATE_METHOD_MATCH = YES;
				"CODE_SIGN_IDENTITY[sdk=iphoneos*]" = "iPhone Developer";
				COPY_PHASE_STRIP = NO;
				DEBUG_INFORMATION_FORMAT = dwarf;
				ENABLE_STRICT_OBJC_MSGSEND = YES;
				ENABLE_TESTABILITY = YES;
				GCC_C_LANGUAGE_STANDARD = gnu99;
				GCC_DYNAMIC_NO_PIC = NO;
				GCC_NO_COMMON_BLOCKS = YES;
				GCC_OPTIMIZATION_LEVEL = 0;
				GCC_PREPROCESSOR_DEFINITIONS = (
					"DEBUG=1",
					"$(inherited)",
				);
				GCC_WARN_64_TO_32_BIT_CONVERSION = YES;
				GCC_WARN_ABOUT_RETURN_TYPE = YES_ERROR;
				GCC_WARN_UNDECLARED_SELECTOR = YES;
				GCC_WARN_UNINITIALIZED_AUTOS = YES_AGGRESSIVE;
				GCC_WARN_UNUSED_FUNCTION = YES;
				GCC_WARN_UNUSED_VARIABLE = YES;
				IPHONEOS_DEPLOYMENT_TARGET = 9.3;
				MTL_ENABLE_DEBUG_INFO = YES;
				ONLY_ACTIVE_ARCH = YES;
				SDKROOT = iphoneos;
				TARGETED_DEVICE_FAMILY = "1,2";
			};
			name = Debug;
		};
		D4D1D3821D3819DF00705DF9 /* Release */ = {
			isa = XCBuildConfiguration;
			buildSettings = {
				ALWAYS_SEARCH_USER_PATHS = NO;
				CLANG_ANALYZER_NONNULL = YES;
				CLANG_CXX_LANGUAGE_STANDARD = "gnu++0x";
				CLANG_CXX_LIBRARY = "libc++";
				CLANG_ENABLE_MODULES = YES;
				CLANG_ENABLE_OBJC_ARC = YES;
				CLANG_WARN_BOOL_CONVERSION = YES;
				CLANG_WARN_CONSTANT_CONVERSION = YES;
				CLANG_WARN_DIRECT_OBJC_ISA_USAGE = YES_ERROR;
				CLANG_WARN_EMPTY_BODY = YES;
				CLANG_WARN_ENUM_CONVERSION = YES;
				CLANG_WARN_INT_CONVERSION = YES;
				CLANG_WARN_OBJC_ROOT_CLASS = YES_ERROR;
				CLANG_WARN_UNREACHABLE_CODE = YES;
				CLANG_WARN__DUPLICATE_METHOD_MATCH = YES;
				"CODE_SIGN_IDENTITY[sdk=iphoneos*]" = "iPhone Developer";
				COPY_PHASE_STRIP = NO;
				DEBUG_INFORMATION_FORMAT = "dwarf-with-dsym";
				ENABLE_NS_ASSERTIONS = NO;
				ENABLE_STRICT_OBJC_MSGSEND = YES;
				GCC_C_LANGUAGE_STANDARD = gnu99;
				GCC_NO_COMMON_BLOCKS = YES;
				GCC_WARN_64_TO_32_BIT_CONVERSION = YES;
				GCC_WARN_ABOUT_RETURN_TYPE = YES_ERROR;
				GCC_WARN_UNDECLARED_SELECTOR = YES;
				GCC_WARN_UNINITIALIZED_AUTOS = YES_AGGRESSIVE;
				GCC_WARN_UNUSED_FUNCTION = YES;
				GCC_WARN_UNUSED_VARIABLE = YES;
				IPHONEOS_DEPLOYMENT_TARGET = 9.3;
				MTL_ENABLE_DEBUG_INFO = NO;
				SDKROOT = iphoneos;
				TARGETED_DEVICE_FAMILY = "1,2";
				VALIDATE_PRODUCT = YES;
			};
			name = Release;
		};
		D4D1D3841D3819DF00705DF9 /* Debug */ = {
			isa = XCBuildConfiguration;
			baseConfigurationReference = E32BC9734B93DFC483C39D8E /* Pods-CompoundEyeMultiparty.debug.xcconfig */;
			buildSettings = {
				ASSETCATALOG_COMPILER_APPICON_NAME = AppIcon;
				ENABLE_BITCODE = NO;
				INFOPLIST_FILE = CompoundEyeMultiparty/Info.plist;
				LD_RUNPATH_SEARCH_PATHS = "$(inherited) @executable_path/Frameworks";
				PRODUCT_BUNDLE_IDENTIFIER = com.tokbox.CompoundEyeMultiparty;
				PRODUCT_NAME = "$(TARGET_NAME)";
			};
			name = Debug;
		};
		D4D1D3851D3819DF00705DF9 /* Release */ = {
			isa = XCBuildConfiguration;
			baseConfigurationReference = 0C5DC0E0B1EE41360AD7652E /* Pods-CompoundEyeMultiparty.release.xcconfig */;
			buildSettings = {
				ASSETCATALOG_COMPILER_APPICON_NAME = AppIcon;
				ENABLE_BITCODE = NO;
				INFOPLIST_FILE = CompoundEyeMultiparty/Info.plist;
				LD_RUNPATH_SEARCH_PATHS = "$(inherited) @executable_path/Frameworks";
				PRODUCT_BUNDLE_IDENTIFIER = com.tokbox.CompoundEyeMultiparty;
				PRODUCT_NAME = "$(TARGET_NAME)";
			};
			name = Release;
		};
/* End XCBuildConfiguration section */

/* Begin XCConfigurationList section */
		D4D1D3671D3819DE00705DF9 /* Build configuration list for PBXProject "CompoundEyeMultiparty" */ = {
			isa = XCConfigurationList;
			buildConfigurations = (
				D4D1D3811D3819DF00705DF9 /* Debug */,
				D4D1D3821D3819DF00705DF9 /* Release */,
			);
			defaultConfigurationIsVisible = 0;
			defaultConfigurationName = Release;
		};
		D4D1D3831D3819DF00705DF9 /* Build configuration list for PBXNativeTarget "CompoundEyeMultiparty" */ = {
			isa = XCConfigurationList;
			buildConfigurations = (
				D4D1D3841D3819DF00705DF9 /* Debug */,
				D4D1D3851D3819DF00705DF9 /* Release */,
			);
			defaultConfigurationIsVisible = 0;
			defaultConfigurationName = Release;
		};
/* End XCConfigurationList section */
	};
	rootObject = D4D1D3641D3819DE00705DF9 /* Project object */;
}
